
Microsoft Visual Studio Solution File, Format Version 12.00
# Visual Studio 15
VisualStudioVersion = 15.0.28307.136
MinimumVisualStudioVersion = 10.0.40219.1
Project("{FAE04EC0-301F-11D3-BF4B-00C04F79EFBC}") = "Aquarius.SayHello", "Aquarius.SayHello\Aquarius.SayHello.csproj", "{D109F1B0-ADD4-4CBC-9848-73DC3D6EF57D}"
EndProject
Project("{FAE04EC0-301F-11D3-BF4B-00C04F79EFBC}") = "Aquarius.SayHello.Test", "Aquarius.SayHello.Test\Aquarius.SayHello.Test.csproj", "{6A9806F1-617B-4B61-A84F-692FCD479FA2}"
EndProject
Global
	GlobalSection(SolutionConfigurationPlatforms) = preSolution
		Debug|Any CPU = Debug|Any CPU
		Release|Any CPU = Release|Any CPU
	EndGlobalSection
	GlobalSection(ProjectConfigurationPlatforms) = postSolution
		{D109F1B0-ADD4-4CBC-9848-73DC3D6EF57D}.Debug|Any CPU.ActiveCfg = Debug|Any CPU
		{D109F1B0-ADD4-4CBC-9848-73DC3D6EF57D}.Debug|Any CPU.Build.0 = Debug|Any CPU
		{D109F1B0-ADD4-4CBC-9848-73DC3D6EF57D}.Release|Any CPU.ActiveCfg = Release|Any CPU
		{D109F1B0-ADD4-4CBC-9848-73DC3D6EF57D}.Release|Any CPU.Build.0 = Release|Any CPU
		{6A9806F1-617B-4B61-A84F-692FCD479FA2}.Debug|Any CPU.ActiveCfg = Debug|Any CPU
		{6A9806F1-617B-4B61-A84F-692FCD479FA2}.Debug|Any CPU.Build.0 = Debug|Any CPU
		{6A9806F1-617B-4B61-A84F-692FCD479FA2}.Release|Any CPU.ActiveCfg = Release|Any CPU
		{6A9806F1-617B-4B61-A84F-692FCD479FA2}.Release|Any CPU.Build.0 = Release|Any CPU
	EndGlobalSection
	GlobalSection(SolutionProperties) = preSolution
		HideSolutionNode = FALSE
	EndGlobalSection
	GlobalSection(ExtensibilityGlobals) = postSolution
		SolutionGuid = {17BA4CA3-2D22-4163-8555-8972460446AB}
	EndGlobalSection
EndGlobal
